{
    "_readme": [
        "This file locks the dependencies of your project to a known state",
        "Read more about it at https://getcomposer.org/doc/01-basic-usage.md#installing-dependencies",
        "This file is @generated automatically"
    ],
    "content-hash": "f862519314acaeabf4d8671ee0b8053b",
    "packages": [
        {
            "name": "domnikl/statsd",
            "version": "2.9.0",
            "source": {
                "type": "git",
                "url": "https://github.com/domnikl/statsd-php.git",
                "reference": "529578b05e455280fbb2748bb0080026d86452bb"
            },
            "dist": {
                "type": "zip",
                "url": "https://api.github.com/repos/domnikl/statsd-php/zipball/529578b05e455280fbb2748bb0080026d86452bb",
                "reference": "529578b05e455280fbb2748bb0080026d86452bb",
                "shasum": ""
            },
            "require": {
                "php": ">= 5.6.0"
            },
            "require-dev": {
                "phpunit/phpunit": ">= 4.4.0"
            },
            "type": "library",
            "autoload": {
                "psr-4": {
                    "Domnikl\\Statsd\\": "lib/"
                }
            },
            "notification-url": "https://packagist.org/downloads/",
            "license": [
                "MIT"
            ],
            "authors": [
                {
                    "name": "Dominik Liebler",
                    "email": "liebler.dominik@gmail.com"
                }
            ],
            "description": "a PHP client for statsd",
            "homepage": "https://domnikl.github.com/statsd-php",
            "keywords": [
                "Metrics",
                "monitoring",
                "statistics",
                "statsd",
                "udp"
            ],
            "time": "2018-04-29T18:04:03+00:00"
        },
        {
            "name": "powerapi/powerapi-php",
            "version": "dev-master",
            "source": {
                "type": "git",
                "url": "https://github.com/harrynull/powerapi-php.git",
                "reference": "e5f7cf5b352fbdd6605f8db9d78675bf8552d0aa"
            },
            "dist": {
                "type": "zip",
                "url": "https://api.github.com/repos/harrynull/powerapi-php/zipball/e5f7cf5b352fbdd6605f8db9d78675bf8552d0aa",
                "reference": "e5f7cf5b352fbdd6605f8db9d78675bf8552d0aa",
                "shasum": ""
            },
            "require": {
                "php": ">= 5.1.2",
                "zendframework/zend-soap": "~2.3.1"
            },
            "type": "library",
            "autoload": {
                "psr-4": {
                    "PowerAPI\\": "lib/PowerAPI"
                }
            },
            "license": [
                "MIT"
            ],
            "authors": [
                {
                    "name": "Henri Watson",
                    "email": "henri@henriwatson.com"
                }
            ],
            "description": "PHP API for PowerSchool",
            "homepage": "https://github.com/powerapi/PowerAPI-php",
            "keywords": [
                "powerschool"
            ],
            "support": {
                "source": "https://github.com/harrynull/powerapi-php/tree/master"
            },
            "time": "2018-06-20T05:05:04+00:00"
        },
        {
            "name": "zendframework/zend-code",
            "version": "2.3.9",
            "source": {
                "type": "git",
                "url": "https://github.com/zendframework/zend-code.git",
                "reference": "6747e75d76ee18b41fef3ec355d03d0afd3954bc"
            },
            "dist": {
                "type": "zip",
                "url": "https://api.github.com/repos/zendframework/zend-code/zipball/6747e75d76ee18b41fef3ec355d03d0afd3954bc",
                "reference": "6747e75d76ee18b41fef3ec355d03d0afd3954bc",
                "shasum": ""
            },
            "require": {
                "php": ">=5.3.23",
                "zendframework/zend-eventmanager": "self.version"
            },
            "require-dev": {
                "doctrine/common": ">=2.1",
                "fabpot/php-cs-fixer": "1.7.*",
                "phpunit/phpunit": "~4.0",
                "satooshi/php-coveralls": "dev-master",
                "zendframework/zend-stdlib": "self.version"
            },
            "suggest": {
                "doctrine/common": "Doctrine\\Common >=2.1 for annotation features",
                "zendframework/zend-stdlib": "Zend\\Stdlib component"
            },
            "type": "library",
            "extra": {
                "branch-alias": {
                    "dev-master": "2.3-dev",
                    "dev-develop": "2.4-dev"
                }
            },
            "autoload": {
                "psr-4": {
                    "Zend\\Code\\": "src/"
                }
            },
            "notification-url": "https://packagist.org/downloads/",
            "license": [
                "BSD-3-Clause"
            ],
            "description": "provides facilities to generate arbitrary code using an object oriented interface",
            "homepage": "https://github.com/zendframework/zend-code",
            "keywords": [
                "code",
                "zf2"
            ],
            "time": "2015-03-12T16:55:53+00:00"
        },
        {
            "name": "zendframework/zend-escaper",
            "version": "2.3.9",
            "source": {
                "type": "git",
                "url": "https://github.com/zendframework/zend-escaper.git",
                "reference": "5f8b2723389d64e961afe2406a1a1d67cfe9bb6c"
            },
            "dist": {
                "type": "zip",
                "url": "https://api.github.com/repos/zendframework/zend-escaper/zipball/5f8b2723389d64e961afe2406a1a1d67cfe9bb6c",
                "reference": "5f8b2723389d64e961afe2406a1a1d67cfe9bb6c",
                "shasum": ""
            },
            "require": {
                "php": ">=5.3.23"
            },
            "require-dev": {
                "fabpot/php-cs-fixer": "1.7.*",
                "phpunit/phpunit": "~4.0",
                "satooshi/php-coveralls": "dev-master"
            },
            "type": "library",
            "extra": {
                "branch-alias": {
                    "dev-master": "2.3-dev",
                    "dev-develop": "2.4-dev"
                }
            },
            "autoload": {
                "psr-4": {
                    "Zend\\Escaper\\": "src/"
                }
            },
            "notification-url": "https://packagist.org/downloads/",
            "license": [
                "BSD-3-Clause"
            ],
            "homepage": "https://github.com/zendframework/zend-escaper",
            "keywords": [
                "escaper",
                "zf2"
            ],
            "time": "2015-01-13T22:22:54+00:00"
        },
        {
            "name": "zendframework/zend-eventmanager",
            "version": "2.3.9",
            "source": {
                "type": "git",
                "url": "https://github.com/zendframework/zend-eventmanager.git",
                "reference": "40ef4dc17a9a8f88b3339630c7293cf3214054a9"
            },
            "dist": {
                "type": "zip",
                "url": "https://api.github.com/repos/zendframework/zend-eventmanager/zipball/40ef4dc17a9a8f88b3339630c7293cf3214054a9",
                "reference": "40ef4dc17a9a8f88b3339630c7293cf3214054a9",
                "shasum": ""
            },
            "require": {
                "php": ">=5.3.23",
                "zendframework/zend-stdlib": "self.version"
            },
            "require-dev": {
                "fabpot/php-cs-fixer": "1.7.*",
                "phpunit/phpunit": "~4.0",
                "satooshi/php-coveralls": "dev-master"
            },
            "type": "library",
            "extra": {
                "branch-alias": {
                    "dev-master": "2.3-dev",
                    "dev-develop": "2.4-dev"
                }
            },
            "autoload": {
                "psr-4": {
                    "Zend\\EventManager\\": "src/"
                }
            },
            "notification-url": "https://packagist.org/downloads/",
            "license": [
                "BSD-3-Clause"
            ],
            "homepage": "https://github.com/zendframework/zend-event-manager",
            "keywords": [
                "eventmanager",
                "zf2"
            ],
            "time": "2015-01-13T22:22:54+00:00"
        },
        {
            "name": "zendframework/zend-server",
            "version": "2.3.9",
            "source": {
                "type": "git",
                "url": "https://github.com/zendframework/zend-server.git",
                "reference": "be28980328206f0bb4544f32e823c38b4178ca88"
            },
            "dist": {
                "type": "zip",
                "url": "https://api.github.com/repos/zendframework/zend-server/zipball/be28980328206f0bb4544f32e823c38b4178ca88",
                "reference": "be28980328206f0bb4544f32e823c38b4178ca88",
                "shasum": ""
            },
            "require": {
                "php": ">=5.3.23",
                "zendframework/zend-code": "self.version",
                "zendframework/zend-stdlib": "self.version"
            },
            "require-dev": {
                "fabpot/php-cs-fixer": "1.7.*",
                "phpunit/phpunit": "~4.0",
                "satooshi/php-coveralls": "dev-master"
            },
            "type": "library",
            "extra": {
                "branch-alias": {
                    "dev-master": "2.3-dev",
                    "dev-develop": "2.4-dev"
                }
            },
            "autoload": {
                "psr-4": {
                    "Zend\\Server\\": "src/"
                }
            },
            "notification-url": "https://packagist.org/downloads/",
            "license": [
                "BSD-3-Clause"
            ],
            "homepage": "https://github.com/zendframework/zend-server",
            "keywords": [
                "server",
                "zf2"
            ],
            "time": "2015-01-13T22:22:54+00:00"
        },
        {
            "name": "zendframework/zend-soap",
            "version": "2.3.9",
            "source": {
                "type": "git",
                "url": "https://github.com/zendframework/zend-soap.git",
                "reference": "ad7316ca0d4206078145cc67989581ad92e30b27"
            },
            "dist": {
                "type": "zip",
                "url": "https://api.github.com/repos/zendframework/zend-soap/zipball/ad7316ca0d4206078145cc67989581ad92e30b27",
                "reference": "ad7316ca0d4206078145cc67989581ad92e30b27",
                "shasum": ""
            },
            "require": {
                "php": ">=5.3.23",
                "zendframework/zend-server": "self.version",
                "zendframework/zend-stdlib": "self.version",
                "zendframework/zend-uri": "self.version"
            },
            "require-dev": {
                "fabpot/php-cs-fixer": "1.7.*",
                "phpunit/phpunit": "~4.0",
                "satooshi/php-coveralls": "dev-master",
                "zendframework/zend-http": "self.version"
            },
            "suggest": {
                "zendframework/zend-http": "Zend\\Http component"
            },
            "type": "library",
            "extra": {
                "branch-alias": {
                    "dev-master": "2.3-dev",
                    "dev-develop": "2.4-dev"
                }
            },
            "autoload": {
                "psr-4": {
                    "Zend\\Soap\\": "src/"
                }
            },
            "notification-url": "https://packagist.org/downloads/",
            "license": [
                "BSD-3-Clause"
            ],
            "homepage": "https://github.com/zendframework/zend-soap",
            "keywords": [
                "soap",
                "zf2"
            ],
            "time": "2015-01-13T22:22:54+00:00"
        },
        {
            "name": "zendframework/zend-stdlib",
            "version": "2.3.9",
            "source": {
                "type": "git",
                "url": "https://github.com/zendframework/zend-stdlib.git",
                "reference": "2acb22aaf926f5a1934c6622d596f0b14872c3cd"
            },
            "dist": {
                "type": "zip",
                "url": "https://api.github.com/repos/zendframework/zend-stdlib/zipball/2acb22aaf926f5a1934c6622d596f0b14872c3cd",
                "reference": "2acb22aaf926f5a1934c6622d596f0b14872c3cd",
                "shasum": ""
            },
            "require": {
                "php": ">=5.3.23"
            },
            "require-dev": {
                "fabpot/php-cs-fixer": "1.7.*",
                "phpunit/phpunit": "~4.0",
                "satooshi/php-coveralls": "dev-master",
                "zendframework/zend-eventmanager": "self.version",
                "zendframework/zend-filter": "self.version",
                "zendframework/zend-serializer": "self.version",
                "zendframework/zend-servicemanager": "self.version"
            },
            "suggest": {
                "zendframework/zend-eventmanager": "To support aggregate hydrator usage",
                "zendframework/zend-filter": "To support naming strategy hydrator usage",
                "zendframework/zend-serializer": "Zend\\Serializer component",
                "zendframework/zend-servicemanager": "To support hydrator plugin manager usage"
            },
            "type": "library",
            "extra": {
                "branch-alias": {
                    "dev-master": "2.3-dev",
                    "dev-develop": "2.4-dev"
                }
            },
            "autoload": {
                "psr-4": {
                    "Zend\\Stdlib\\": "src/"
                }
            },
            "notification-url": "https://packagist.org/downloads/",
            "license": [
                "BSD-3-Clause"
            ],
            "homepage": "https://github.com/zendframework/zend-stdlib",
            "keywords": [
                "stdlib",
                "zf2"
            ],
            "time": "2015-02-10T14:55:30+00:00"
        },
        {
            "name": "zendframework/zend-uri",
            "version": "2.3.9",
            "source": {
                "type": "git",
                "url": "https://github.com/zendframework/zend-uri.git",
                "reference": "f4ae36c06b1425dc5c044f95b044f14454c76eb7"
            },
            "dist": {
                "type": "zip",
                "url": "https://api.github.com/repos/zendframework/zend-uri/zipball/f4ae36c06b1425dc5c044f95b044f14454c76eb7",
                "reference": "f4ae36c06b1425dc5c044f95b044f14454c76eb7",
                "shasum": ""
            },
            "require": {
                "php": ">=5.3.23",
                "zendframework/zend-escaper": "self.version",
                "zendframework/zend-validator": "self.version"
            },
            "require-dev": {
                "fabpot/php-cs-fixer": "1.7.*",
                "phpunit/phpunit": "~4.0",
                "satooshi/php-coveralls": "dev-master"
            },
            "type": "library",
            "extra": {
                "branch-alias": {
                    "dev-master": "2.3-dev",
                    "dev-develop": "2.4-dev"
                }
            },
            "autoload": {
                "psr-4": {
                    "Zend\\Uri\\": "src/"
                }
            },
            "notification-url": "https://packagist.org/downloads/",
            "license": [
                "BSD-3-Clause"
            ],
            "description": "a component that aids in manipulating and validating » Uniform Resource Identifiers (URIs)",
            "homepage": "https://github.com/zendframework/zend-uri",
            "keywords": [
                "uri",
                "zf2"
            ],
            "time": "2015-02-10T14:55:30+00:00"
        },
        {
            "name": "zendframework/zend-validator",
            "version": "2.3.9",
            "source": {
                "type": "git",
                "url": "https://github.com/zendframework/zend-validator.git",
                "reference": "c8f46ae5503a3d09c55b2808a39cf9d3c967e1ee"
            },
            "dist": {
                "type": "zip",
                "url": "https://api.github.com/repos/zendframework/zend-validator/zipball/c8f46ae5503a3d09c55b2808a39cf9d3c967e1ee",
                "reference": "c8f46ae5503a3d09c55b2808a39cf9d3c967e1ee",
                "shasum": ""
            },
            "require": {
                "php": ">=5.3.23",
                "zendframework/zend-stdlib": "self.version"
            },
            "require-dev": {
                "fabpot/php-cs-fixer": "1.7.*",
                "phpunit/phpunit": "~4.0",
                "satooshi/php-coveralls": "dev-master",
                "zendframework/zend-db": "self.version",
                "zendframework/zend-filter": "self.version",
                "zendframework/zend-i18n": "self.version",
                "zendframework/zend-math": "self.version",
                "zendframework/zend-servicemanager": "self.version",
                "zendframework/zend-session": "self.version",
                "zendframework/zend-uri": "self.version"
            },
            "suggest": {
                "zendframework/zend-db": "Zend\\Db component",
                "zendframework/zend-filter": "Zend\\Filter component, required by the Digits validator",
                "zendframework/zend-i18n": "Zend\\I18n component to allow translation of validation error messages as well as to use the various Date validators",
                "zendframework/zend-math": "Zend\\Math component",
                "zendframework/zend-resources": "Translations of validator messages",
                "zendframework/zend-servicemanager": "Zend\\ServiceManager component to allow using the ValidatorPluginManager and validator chains",
                "zendframework/zend-session": "Zend\\Session component",
                "zendframework/zend-uri": "Zend\\Uri component, required by the Uri and Sitemap\\Loc validators"
            },
            "type": "library",
            "extra": {
                "branch-alias": {
                    "dev-master": "2.3-dev",
                    "dev-develop": "2.4-dev"
                }
            },
            "autoload": {
                "psr-4": {
                    "Zend\\Validator\\": "src/"
                }
            },
            "notification-url": "https://packagist.org/downloads/",
            "license": [
                "BSD-3-Clause"
            ],
            "description": "provides a set of commonly needed validators",
            "homepage": "https://github.com/zendframework/zend-validator",
            "keywords": [
                "validator",
                "zf2"
            ],
            "time": "2015-03-12T13:58:47+00:00"
        }
    ],
    "packages-dev": [],
    "aliases": [],
    "minimum-stability": "stable",
    "stability-flags": {
        "powerapi/powerapi-php": 20
    },
    "prefer-stable": false,
    "prefer-lowest": false,
    "platform": [],
    "platform-dev": []
}
